// !$*UTF8*$!
{
	archiveVersion = 1;
	classes = {
	};
	objectVersion = 51;
	objects = {

/* Begin PBXBuildFile section */
		1D121C38232CB39800E9F613 /* AppDelegate.swift in Sources */ = {isa = PBXBuildFile; fileRef = 1D121C37232CB39800E9F613 /* AppDelegate.swift */; };
		1D121C3A232CB39800E9F613 /* ViewController.swift in Sources */ = {isa = PBXBuildFile; fileRef = 1D121C39232CB39800E9F613 /* ViewController.swift */; };
		1D121C3D232CB39800E9F613 /* Main.storyboard in Resources */ = {isa = PBXBuildFile; fileRef = 1D121C3B232CB39800E9F613 /* Main.storyboard */; };
		1D121C40232CB39800E9F613 /* CurrentYearMoviesReleased.xcdatamodeld in Sources */ = {isa = PBXBuildFile; fileRef = 1D121C3E232CB39800E9F613 /* CurrentYearMoviesReleased.xcdatamodeld */; };
		1D121C42232CB39900E9F613 /* Assets.xcassets in Resources */ = {isa = PBXBuildFile; fileRef = 1D121C41232CB39900E9F613 /* Assets.xcassets */; };
		1D121C45232CB39900E9F613 /* LaunchScreen.storyboard in Resources */ = {isa = PBXBuildFile; fileRef = 1D121C43232CB39900E9F613 /* LaunchScreen.storyboard */; };
		1D121C50232CB39900E9F613 /* CurrentYearMoviesReleasedTests.swift in Sources */ = {isa = PBXBuildFile; fileRef = 1D121C4F232CB39900E9F613 /* CurrentYearMoviesReleasedTests.swift */; };
		1D121C63232CB79100E9F613 /* ViewConfiguration.swift in Sources */ = {isa = PBXBuildFile; fileRef = 1D121C62232CB79100E9F613 /* ViewConfiguration.swift */; };
		1D121C65232CB79500E9F613 /* CommonTypes.swift in Sources */ = {isa = PBXBuildFile; fileRef = 1D121C64232CB79500E9F613 /* CommonTypes.swift */; };
		1D121C67232CB79A00E9F613 /* ReusableCells.swift in Sources */ = {isa = PBXBuildFile; fileRef = 1D121C66232CB79A00E9F613 /* ReusableCells.swift */; };
		1D121C69232CB7A100E9F613 /* ViewControllerBaseProtocol.swift in Sources */ = {isa = PBXBuildFile; fileRef = 1D121C68232CB7A100E9F613 /* ViewControllerBaseProtocol.swift */; };
		1D121C6E232CB7B300E9F613 /* URLRequestProtocol.swift in Sources */ = {isa = PBXBuildFile; fileRef = 1D121C6B232CB7B300E9F613 /* URLRequestProtocol.swift */; };
		1D121C6F232CB7B300E9F613 /* NetworkProvider.swift in Sources */ = {isa = PBXBuildFile; fileRef = 1D121C6C232CB7B300E9F613 /* NetworkProvider.swift */; };
		1D121C70232CB7B300E9F613 /* ServiceError.swift in Sources */ = {isa = PBXBuildFile; fileRef = 1D121C6D232CB7B300E9F613 /* ServiceError.swift */; };
		1D121C72232CB80800E9F613 /* CurrentYearMoviesReleased.strings in Resources */ = {isa = PBXBuildFile; fileRef = 1D121C71232CB80800E9F613 /* CurrentYearMoviesReleased.strings */; };
		1D121C77232CBAF100E9F613 /* ENV.swift in Sources */ = {isa = PBXBuildFile; fileRef = 1D121C75232CBAF100E9F613 /* ENV.swift */; };
		1D121CA8232CBD8B00E9F613 /* R.generated.swift in Sources */ = {isa = PBXBuildFile; fileRef = 1D121CA7232CBD8B00E9F613 /* R.generated.swift */; };
		360C1D20AC5E7628D751BE86 /* Pods_CurrentYearMoviesReleased.framework in Frameworks */ = {isa = PBXBuildFile; fileRef = B028E27341E568C063A9F90B /* Pods_CurrentYearMoviesReleased.framework */; };
		61853887D95ED756A18B6BC9 /* Pods_CurrentYearMoviesReleasedTests.framework in Frameworks */ = {isa = PBXBuildFile; fileRef = 15A498FF596E38DC897ED2DE /* Pods_CurrentYearMoviesReleasedTests.framework */; };
/* End PBXBuildFile section */

/* Begin PBXContainerItemProxy section */
		1D121C4C232CB39900E9F613 /* PBXContainerItemProxy */ = {
			isa = PBXContainerItemProxy;
			containerPortal = 1D121C2C232CB39800E9F613 /* Project object */;
			proxyType = 1;
			remoteGlobalIDString = 1D121C33232CB39800E9F613;
			remoteInfo = CurrentYearMoviesReleased;
		};
/* End PBXContainerItemProxy section */

/* Begin PBXFileReference section */
		0FB2FC9A97A07A1310E3B03C /* Pods-CurrentYearMoviesReleased.debug.xcconfig */ = {isa = PBXFileReference; includeInIndex = 1; lastKnownFileType = text.xcconfig; name = "Pods-CurrentYearMoviesReleased.debug.xcconfig"; path = "Target Support Files/Pods-CurrentYearMoviesReleased/Pods-CurrentYearMoviesReleased.debug.xcconfig"; sourceTree = "<group>"; };
		15A498FF596E38DC897ED2DE /* Pods_CurrentYearMoviesReleasedTests.framework */ = {isa = PBXFileReference; explicitFileType = wrapper.framework; includeInIndex = 0; path = Pods_CurrentYearMoviesReleasedTests.framework; sourceTree = BUILT_PRODUCTS_DIR; };
		1D121C34232CB39800E9F613 /* CurrentYearMoviesReleased.app */ = {isa = PBXFileReference; explicitFileType = wrapper.application; includeInIndex = 0; path = CurrentYearMoviesReleased.app; sourceTree = BUILT_PRODUCTS_DIR; };
		1D121C37232CB39800E9F613 /* AppDelegate.swift */ = {isa = PBXFileReference; lastKnownFileType = sourcecode.swift; path = AppDelegate.swift; sourceTree = "<group>"; };
		1D121C39232CB39800E9F613 /* ViewController.swift */ = {isa = PBXFileReference; lastKnownFileType = sourcecode.swift; path = ViewController.swift; sourceTree = "<group>"; };
		1D121C3C232CB39800E9F613 /* Base */ = {isa = PBXFileReference; lastKnownFileType = file.storyboard; name = Base; path = Base.lproj/Main.storyboard; sourceTree = "<group>"; };
		1D121C3F232CB39800E9F613 /* CurrentYearMoviesReleased.xcdatamodel */ = {isa = PBXFileReference; lastKnownFileType = wrapper.xcdatamodel; path = CurrentYearMoviesReleased.xcdatamodel; sourceTree = "<group>"; };
		1D121C41232CB39900E9F613 /* Assets.xcassets */ = {isa = PBXFileReference; lastKnownFileType = folder.assetcatalog; path = Assets.xcassets; sourceTree = "<group>"; };
		1D121C44232CB39900E9F613 /* Base */ = {isa = PBXFileReference; lastKnownFileType = file.storyboard; name = Base; path = Base.lproj/LaunchScreen.storyboard; sourceTree = "<group>"; };
		1D121C46232CB39900E9F613 /* Info.plist */ = {isa = PBXFileReference; lastKnownFileType = text.plist.xml; path = Info.plist; sourceTree = "<group>"; };
		1D121C4B232CB39900E9F613 /* CurrentYearMoviesReleasedTests.xctest */ = {isa = PBXFileReference; explicitFileType = wrapper.cfbundle; includeInIndex = 0; path = CurrentYearMoviesReleasedTests.xctest; sourceTree = BUILT_PRODUCTS_DIR; };
		1D121C4F232CB39900E9F613 /* CurrentYearMoviesReleasedTests.swift */ = {isa = PBXFileReference; lastKnownFileType = sourcecode.swift; path = CurrentYearMoviesReleasedTests.swift; sourceTree = "<group>"; };
		1D121C51232CB39900E9F613 /* Info.plist */ = {isa = PBXFileReference; lastKnownFileType = text.plist.xml; path = Info.plist; sourceTree = "<group>"; };
		1D121C62232CB79100E9F613 /* ViewConfiguration.swift */ = {isa = PBXFileReference; fileEncoding = 4; lastKnownFileType = sourcecode.swift; path = ViewConfiguration.swift; sourceTree = "<group>"; };
		1D121C64232CB79500E9F613 /* CommonTypes.swift */ = {isa = PBXFileReference; fileEncoding = 4; lastKnownFileType = sourcecode.swift; path = CommonTypes.swift; sourceTree = "<group>"; };
		1D121C66232CB79A00E9F613 /* ReusableCells.swift */ = {isa = PBXFileReference; fileEncoding = 4; lastKnownFileType = sourcecode.swift; path = ReusableCells.swift; sourceTree = "<group>"; };
		1D121C68232CB7A100E9F613 /* ViewControllerBaseProtocol.swift */ = {isa = PBXFileReference; fileEncoding = 4; lastKnownFileType = sourcecode.swift; path = ViewControllerBaseProtocol.swift; sourceTree = "<group>"; };
		1D121C6B232CB7B300E9F613 /* URLRequestProtocol.swift */ = {isa = PBXFileReference; fileEncoding = 4; lastKnownFileType = sourcecode.swift; path = URLRequestProtocol.swift; sourceTree = "<group>"; };
		1D121C6C232CB7B300E9F613 /* NetworkProvider.swift */ = {isa = PBXFileReference; fileEncoding = 4; lastKnownFileType = sourcecode.swift; path = NetworkProvider.swift; sourceTree = "<group>"; };
		1D121C6D232CB7B300E9F613 /* ServiceError.swift */ = {isa = PBXFileReference; fileEncoding = 4; lastKnownFileType = sourcecode.swift; path = ServiceError.swift; sourceTree = "<group>"; };
		1D121C71232CB80800E9F613 /* CurrentYearMoviesReleased.strings */ = {isa = PBXFileReference; lastKnownFileType = text.plist.strings; path = CurrentYearMoviesReleased.strings; sourceTree = "<group>"; };
		1D121C75232CBAF100E9F613 /* ENV.swift */ = {isa = PBXFileReference; fileEncoding = 4; lastKnownFileType = sourcecode.swift; path = ENV.swift; sourceTree = "<group>"; };
		1D121CA7232CBD8B00E9F613 /* R.generated.swift */ = {isa = PBXFileReference; fileEncoding = 4; lastKnownFileType = sourcecode.swift; path = R.generated.swift; sourceTree = "<group>"; };
		8D78BC1583EFD08A24FB89FA /* Pods-CurrentYearMoviesReleasedTests.debug.xcconfig */ = {isa = PBXFileReference; includeInIndex = 1; lastKnownFileType = text.xcconfig; name = "Pods-CurrentYearMoviesReleasedTests.debug.xcconfig"; path = "Target Support Files/Pods-CurrentYearMoviesReleasedTests/Pods-CurrentYearMoviesReleasedTests.debug.xcconfig"; sourceTree = "<group>"; };
		98B1DA43EDE52E843CA8985F /* Pods-CurrentYearMoviesReleased.release.xcconfig */ = {isa = PBXFileReference; includeInIndex = 1; lastKnownFileType = text.xcconfig; name = "Pods-CurrentYearMoviesReleased.release.xcconfig"; path = "Target Support Files/Pods-CurrentYearMoviesReleased/Pods-CurrentYearMoviesReleased.release.xcconfig"; sourceTree = "<group>"; };
		ABB04D10C950CC10CD24960C /* Pods-CurrentYearMoviesReleasedTests.release.xcconfig */ = {isa = PBXFileReference; includeInIndex = 1; lastKnownFileType = text.xcconfig; name = "Pods-CurrentYearMoviesReleasedTests.release.xcconfig"; path = "Target Support Files/Pods-CurrentYearMoviesReleasedTests/Pods-CurrentYearMoviesReleasedTests.release.xcconfig"; sourceTree = "<group>"; };
		B028E27341E568C063A9F90B /* Pods_CurrentYearMoviesReleased.framework */ = {isa = PBXFileReference; explicitFileType = wrapper.framework; includeInIndex = 0; path = Pods_CurrentYearMoviesReleased.framework; sourceTree = BUILT_PRODUCTS_DIR; };
/* End PBXFileReference section */

/* Begin PBXFrameworksBuildPhase section */
		1D121C31232CB39800E9F613 /* Frameworks */ = {
			isa = PBXFrameworksBuildPhase;
			buildActionMask = 2147483647;
			files = (
				360C1D20AC5E7628D751BE86 /* Pods_CurrentYearMoviesReleased.framework in Frameworks */,
			);
			runOnlyForDeploymentPostprocessing = 0;
		};
		1D121C48232CB39900E9F613 /* Frameworks */ = {
			isa = PBXFrameworksBuildPhase;
			buildActionMask = 2147483647;
			files = (
				61853887D95ED756A18B6BC9 /* Pods_CurrentYearMoviesReleasedTests.framework in Frameworks */,
			);
			runOnlyForDeploymentPostprocessing = 0;
		};
/* End PBXFrameworksBuildPhase section */

/* Begin PBXGroup section */
		1D121C2B232CB39800E9F613 = {
			isa = PBXGroup;
			children = (
				1D121C36232CB39800E9F613 /* CurrentYearMoviesReleased */,
				1D121C4E232CB39900E9F613 /* CurrentYearMoviesReleasedTests */,
				1D121C35232CB39800E9F613 /* Products */,
				4BE2FD7798616E7E576AB33E /* Pods */,
				EBA55BA5AE00609AF95A43E3 /* Frameworks */,
			);
			sourceTree = "<group>";
		};
		1D121C35232CB39800E9F613 /* Products */ = {
			isa = PBXGroup;
			children = (
				1D121C34232CB39800E9F613 /* CurrentYearMoviesReleased.app */,
				1D121C4B232CB39900E9F613 /* CurrentYearMoviesReleasedTests.xctest */,
			);
			name = Products;
			sourceTree = "<group>";
		};
		1D121C36232CB39800E9F613 /* CurrentYearMoviesReleased */ = {
			isa = PBXGroup;
			children = (
				1D121C60232CB75500E9F613 /* Core Data */,
				1D121C5E232CB71000E9F613 /* Supporting Files */,
				1D121C5D232CB70B00E9F613 /* Modules */,
				1D121C5A232CB6E600E9F613 /* Common */,
			);
			path = CurrentYearMoviesReleased;
			sourceTree = "<group>";
		};
		1D121C4E232CB39900E9F613 /* CurrentYearMoviesReleasedTests */ = {
			isa = PBXGroup;
			children = (
				1D121C4F232CB39900E9F613 /* CurrentYearMoviesReleasedTests.swift */,
				1D121C51232CB39900E9F613 /* Info.plist */,
			);
			path = CurrentYearMoviesReleasedTests;
			sourceTree = "<group>";
		};
		1D121C5A232CB6E600E9F613 /* Common */ = {
			isa = PBXGroup;
			children = (
				1D121C6A232CB7AB00E9F613 /* Network */,
				1D121C5C232CB6F600E9F613 /* Configuration */,
				1D121C5B232CB6EF00E9F613 /* Protocols */,
				1D121C5F232CB72A00E9F613 /* Resources */,
			);
			path = Common;
			sourceTree = "<group>";
		};
		1D121C5B232CB6EF00E9F613 /* Protocols */ = {
			isa = PBXGroup;
			children = (
				1D121C68232CB7A100E9F613 /* ViewControllerBaseProtocol.swift */,
			);
			path = Protocols;
			sourceTree = "<group>";
		};
		1D121C5C232CB6F600E9F613 /* Configuration */ = {
			isa = PBXGroup;
			children = (
				1D121C66232CB79A00E9F613 /* ReusableCells.swift */,
				1D121C64232CB79500E9F613 /* CommonTypes.swift */,
				1D121C62232CB79100E9F613 /* ViewConfiguration.swift */,
			);
			path = Configuration;
			sourceTree = "<group>";
		};
		1D121C5D232CB70B00E9F613 /* Modules */ = {
			isa = PBXGroup;
			children = (
				1D121C3B232CB39800E9F613 /* Main.storyboard */,
				1D121C61232CB76A00E9F613 /* Scenes */,
			);
			path = Modules;
			sourceTree = "<group>";
		};
		1D121C5E232CB71000E9F613 /* Supporting Files */ = {
			isa = PBXGroup;
			children = (
				1D121CA7232CBD8B00E9F613 /* R.generated.swift */,
				1D121C74232CBAF100E9F613 /* Environment */,
				1D121C43232CB39900E9F613 /* LaunchScreen.storyboard */,
				1D121C39232CB39800E9F613 /* ViewController.swift */,
				1D121C37232CB39800E9F613 /* AppDelegate.swift */,
				1D121C46232CB39900E9F613 /* Info.plist */,
				1D121C71232CB80800E9F613 /* CurrentYearMoviesReleased.strings */,
			);
			path = "Supporting Files";
			sourceTree = "<group>";
		};
		1D121C5F232CB72A00E9F613 /* Resources */ = {
			isa = PBXGroup;
			children = (
				1D121C41232CB39900E9F613 /* Assets.xcassets */,
			);
			path = Resources;
			sourceTree = "<group>";
		};
		1D121C60232CB75500E9F613 /* Core Data */ = {
			isa = PBXGroup;
			children = (
				1D121C3E232CB39800E9F613 /* CurrentYearMoviesReleased.xcdatamodeld */,
			);
			path = "Core Data";
			sourceTree = "<group>";
		};
		1D121C61232CB76A00E9F613 /* Scenes */ = {
			isa = PBXGroup;
			children = (
			);
			path = Scenes;
			sourceTree = "<group>";
		};
		1D121C6A232CB7AB00E9F613 /* Network */ = {
			isa = PBXGroup;
			children = (
				1D121C6C232CB7B300E9F613 /* NetworkProvider.swift */,
				1D121C6D232CB7B300E9F613 /* ServiceError.swift */,
				1D121C6B232CB7B300E9F613 /* URLRequestProtocol.swift */,
			);
			path = Network;
			sourceTree = "<group>";
		};
		1D121C74232CBAF100E9F613 /* Environment */ = {
			isa = PBXGroup;
			children = (
				1D121C75232CBAF100E9F613 /* ENV.swift */,
			);
			path = Environment;
			sourceTree = "<group>";
		};
		4BE2FD7798616E7E576AB33E /* Pods */ = {
			isa = PBXGroup;
			children = (
				0FB2FC9A97A07A1310E3B03C /* Pods-CurrentYearMoviesReleased.debug.xcconfig */,
				98B1DA43EDE52E843CA8985F /* Pods-CurrentYearMoviesReleased.release.xcconfig */,
				8D78BC1583EFD08A24FB89FA /* Pods-CurrentYearMoviesReleasedTests.debug.xcconfig */,
				ABB04D10C950CC10CD24960C /* Pods-CurrentYearMoviesReleasedTests.release.xcconfig */,
			);
			path = Pods;
			sourceTree = "<group>";
		};
		EBA55BA5AE00609AF95A43E3 /* Frameworks */ = {
			isa = PBXGroup;
			children = (
				B028E27341E568C063A9F90B /* Pods_CurrentYearMoviesReleased.framework */,
				15A498FF596E38DC897ED2DE /* Pods_CurrentYearMoviesReleasedTests.framework */,
			);
			name = Frameworks;
			sourceTree = "<group>";
		};
/* End PBXGroup section */

/* Begin PBXNativeTarget section */
		1D121C33232CB39800E9F613 /* CurrentYearMoviesReleased */ = {
			isa = PBXNativeTarget;
			buildConfigurationList = 1D121C54232CB39900E9F613 /* Build configuration list for PBXNativeTarget "CurrentYearMoviesReleased" */;
			buildPhases = (
				6C6AF1FFE6323A6D698AB58F /* [CP] Check Pods Manifest.lock */,
				1D121C73232CB84400E9F613 /* R SWIFT */,
				1D121C30232CB39800E9F613 /* Sources */,
				1D121C31232CB39800E9F613 /* Frameworks */,
				1D121C32232CB39800E9F613 /* Resources */,
				331BC4C27574B9C140017D26 /* [CP] Embed Pods Frameworks */,
			);
			buildRules = (
			);
			dependencies = (
			);
			name = CurrentYearMoviesReleased;
			productName = CurrentYearMoviesReleased;
			productReference = 1D121C34232CB39800E9F613 /* CurrentYearMoviesReleased.app */;
			productType = "com.apple.product-type.application";
		};
		1D121C4A232CB39900E9F613 /* CurrentYearMoviesReleasedTests */ = {
			isa = PBXNativeTarget;
			buildConfigurationList = 1D121C57232CB39900E9F613 /* Build configuration list for PBXNativeTarget "CurrentYearMoviesReleasedTests" */;
			buildPhases = (
				6B81EDB1A774BEF619290B42 /* [CP] Check Pods Manifest.lock */,
				1D121C47232CB39900E9F613 /* Sources */,
				1D121C48232CB39900E9F613 /* Frameworks */,
				1D121C49232CB39900E9F613 /* Resources */,
				358D0A2B762C116289629A51 /* [CP] Embed Pods Frameworks */,
			);
			buildRules = (
			);
			dependencies = (
				1D121C4D232CB39900E9F613 /* PBXTargetDependency */,
			);
			name = CurrentYearMoviesReleasedTests;
			productName = CurrentYearMoviesReleasedTests;
			productReference = 1D121C4B232CB39900E9F613 /* CurrentYearMoviesReleasedTests.xctest */;
			productType = "com.apple.product-type.bundle.unit-test";
		};
/* End PBXNativeTarget section */

/* Begin PBXProject section */
		1D121C2C232CB39800E9F613 /* Project object */ = {
			isa = PBXProject;
			attributes = {
				LastSwiftUpdateCheck = 1030;
				LastUpgradeCheck = 1030;
				ORGANIZATIONNAME = MSC;
				TargetAttributes = {
					1D121C33232CB39800E9F613 = {
						CreatedOnToolsVersion = 10.3;
					};
					1D121C4A232CB39900E9F613 = {
						CreatedOnToolsVersion = 10.3;
						TestTargetID = 1D121C33232CB39800E9F613;
					};
				};
			};
			buildConfigurationList = 1D121C2F232CB39800E9F613 /* Build configuration list for PBXProject "CurrentYearMoviesReleased" */;
			compatibilityVersion = "Xcode 9.3";
			developmentRegion = en;
			hasScannedForEncodings = 0;
			knownRegions = (
				en,
				Base,
			);
			mainGroup = 1D121C2B232CB39800E9F613;
			productRefGroup = 1D121C35232CB39800E9F613 /* Products */;
			projectDirPath = "";
			projectRoot = "";
			targets = (
				1D121C33232CB39800E9F613 /* CurrentYearMoviesReleased */,
				1D121C4A232CB39900E9F613 /* CurrentYearMoviesReleasedTests */,
			);
		};
/* End PBXProject section */

/* Begin PBXResourcesBuildPhase section */
		1D121C32232CB39800E9F613 /* Resources */ = {
			isa = PBXResourcesBuildPhase;
			buildActionMask = 2147483647;
			files = (
				1D121C45232CB39900E9F613 /* LaunchScreen.storyboard in Resources */,
				1D121C42232CB39900E9F613 /* Assets.xcassets in Resources */,
				1D121C3D232CB39800E9F613 /* Main.storyboard in Resources */,
				1D121C72232CB80800E9F613 /* CurrentYearMoviesReleased.strings in Resources */,
			);
			runOnlyForDeploymentPostprocessing = 0;
		};
		1D121C49232CB39900E9F613 /* Resources */ = {
			isa = PBXResourcesBuildPhase;
			buildActionMask = 2147483647;
			files = (
			);
			runOnlyForDeploymentPostprocessing = 0;
		};
/* End PBXResourcesBuildPhase section */

/* Begin PBXShellScriptBuildPhase section */
		1D121C73232CB84400E9F613 /* R SWIFT */ = {
			isa = PBXShellScriptBuildPhase;
			buildActionMask = 2147483647;
			files = (
			);
			inputFileListPaths = (
			);
			inputPaths = (
				"$TEMP_DIR/rswift-lastrun",
			);
			name = "R SWIFT";
			outputFileListPaths = (
			);
			outputPaths = (
				"$SRCROOT/CurrentYearMoviesReleased/Supporting Files/R.generated.swift",
			);
			runOnlyForDeploymentPostprocessing = 0;
			shellPath = /bin/sh;
			shellScript = "\"$PODS_ROOT/R.swift/rswift\" generate \"$SRCROOT/CurrentYearMoviesReleased/Supporting Files/R.generated.swift\"\n";
		};
		331BC4C27574B9C140017D26 /* [CP] Embed Pods Frameworks */ = {
			isa = PBXShellScriptBuildPhase;
			buildActionMask = 2147483647;
			files = (
			);
			inputFileListPaths = (
				"${PODS_ROOT}/Target Support Files/Pods-CurrentYearMoviesReleased/Pods-CurrentYearMoviesReleased-frameworks-${CONFIGURATION}-input-files.xcfilelist",
			);
			name = "[CP] Embed Pods Frameworks";
			outputFileListPaths = (
				"${PODS_ROOT}/Target Support Files/Pods-CurrentYearMoviesReleased/Pods-CurrentYearMoviesReleased-frameworks-${CONFIGURATION}-output-files.xcfilelist",
			);
			runOnlyForDeploymentPostprocessing = 0;
			shellPath = /bin/sh;
			shellScript = "\"${PODS_ROOT}/Target Support Files/Pods-CurrentYearMoviesReleased/Pods-CurrentYearMoviesReleased-frameworks.sh\"\n";
			showEnvVarsInLog = 0;
		};
		358D0A2B762C116289629A51 /* [CP] Embed Pods Frameworks */ = {
			isa = PBXShellScriptBuildPhase;
			buildActionMask = 2147483647;
			files = (
			);
			inputFileListPaths = (
				"${PODS_ROOT}/Target Support Files/Pods-CurrentYearMoviesReleasedTests/Pods-CurrentYearMoviesReleasedTests-frameworks-${CONFIGURATION}-input-files.xcfilelist",
			);
			name = "[CP] Embed Pods Frameworks";
			outputFileListPaths = (
				"${PODS_ROOT}/Target Support Files/Pods-CurrentYearMoviesReleasedTests/Pods-CurrentYearMoviesReleasedTests-frameworks-${CONFIGURATION}-output-files.xcfilelist",
			);
			runOnlyForDeploymentPostprocessing = 0;
			shellPath = /bin/sh;
			shellScript = "\"${PODS_ROOT}/Target Support Files/Pods-CurrentYearMoviesReleasedTests/Pods-CurrentYearMoviesReleasedTests-frameworks.sh\"\n";
			showEnvVarsInLog = 0;
		};
		6B81EDB1A774BEF619290B42 /* [CP] Check Pods Manifest.lock */ = {
			isa = PBXShellScriptBuildPhase;
			buildActionMask = 2147483647;
			files = (
			);
			inputFileListPaths = (
			);
			inputPaths = (
				"${PODS_PODFILE_DIR_PATH}/Podfile.lock",
				"${PODS_ROOT}/Manifest.lock",
			);
			name = "[CP] Check Pods Manifest.lock";
			outputFileListPaths = (
			);
			outputPaths = (
				"$(DERIVED_FILE_DIR)/Pods-CurrentYearMoviesReleasedTests-checkManifestLockResult.txt",
			);
			runOnlyForDeploymentPostprocessing = 0;
			shellPath = /bin/sh;
			shellScript = "diff \"${PODS_PODFILE_DIR_PATH}/Podfile.lock\" \"${PODS_ROOT}/Manifest.lock\" > /dev/null\nif [ $? != 0 ] ; then\n    # print error to STDERR\n    echo \"error: The sandbox is not in sync with the Podfile.lock. Run 'pod install' or update your CocoaPods installation.\" >&2\n    exit 1\nfi\n# This output is used by Xcode 'outputs' to avoid re-running this script phase.\necho \"SUCCESS\" > \"${SCRIPT_OUTPUT_FILE_0}\"\n";
			showEnvVarsInLog = 0;
		};
		6C6AF1FFE6323A6D698AB58F /* [CP] Check Pods Manifest.lock */ = {
			isa = PBXShellScriptBuildPhase;
			buildActionMask = 2147483647;
			files = (
			);
			inputFileListPaths = (
			);
			inputPaths = (
				"${PODS_PODFILE_DIR_PATH}/Podfile.lock",
				"${PODS_ROOT}/Manifest.lock",
			);
			name = "[CP] Check Pods Manifest.lock";
			outputFileListPaths = (
			);
			outputPaths = (
				"$(DERIVED_FILE_DIR)/Pods-CurrentYearMoviesReleased-checkManifestLockResult.txt",
			);
			runOnlyForDeploymentPostprocessing = 0;
			shellPath = /bin/sh;
			shellScript = "diff \"${PODS_PODFILE_DIR_PATH}/Podfile.lock\" \"${PODS_ROOT}/Manifest.lock\" > /dev/null\nif [ $? != 0 ] ; then\n    # print error to STDERR\n    echo \"error: The sandbox is not in sync with the Podfile.lock. Run 'pod install' or update your CocoaPods installation.\" >&2\n    exit 1\nfi\n# This output is used by Xcode 'outputs' to avoid re-running this script phase.\necho \"SUCCESS\" > \"${SCRIPT_OUTPUT_FILE_0}\"\n";
			showEnvVarsInLog = 0;
		};
/* End PBXShellScriptBuildPhase section */

/* Begin PBXSourcesBuildPhase section */
		1D121C30232CB39800E9F613 /* Sources */ = {
			isa = PBXSourcesBuildPhase;
			buildActionMask = 2147483647;
			files = (
				1D121C70232CB7B300E9F613 /* ServiceError.swift in Sources */,
				1D121C40232CB39800E9F613 /* CurrentYearMoviesReleased.xcdatamodeld in Sources */,
				1D121C6E232CB7B300E9F613 /* URLRequestProtocol.swift in Sources */,
				1D121C6F232CB7B300E9F613 /* NetworkProvider.swift in Sources */,
				1D121C65232CB79500E9F613 /* CommonTypes.swift in Sources */,
				1D121C77232CBAF100E9F613 /* ENV.swift in Sources */,
				1D121C63232CB79100E9F613 /* ViewConfiguration.swift in Sources */,
				1D121C69232CB7A100E9F613 /* ViewControllerBaseProtocol.swift in Sources */,
				1D121C3A232CB39800E9F613 /* ViewController.swift in Sources */,
				1D121C67232CB79A00E9F613 /* ReusableCells.swift in Sources */,
				1D121C38232CB39800E9F613 /* AppDelegate.swift in Sources */,
				1D121CA8232CBD8B00E9F613 /* R.generated.swift in Sources */,
			);
			runOnlyForDeploymentPostprocessing = 0;
		};
		1D121C47232CB39900E9F613 /* Sources */ = {
			isa = PBXSourcesBuildPhase;
			buildActionMask = 2147483647;
			files = (
				1D121C50232CB39900E9F613 /* CurrentYearMoviesReleasedTests.swift in Sources */,
			);
			runOnlyForDeploymentPostprocessing = 0;
		};
/* End PBXSourcesBuildPhase section */

/* Begin PBXTargetDependency section */
		1D121C4D232CB39900E9F613 /* PBXTargetDependency */ = {
			isa = PBXTargetDependency;
			target = 1D121C33232CB39800E9F613 /* CurrentYearMoviesReleased */;
			targetProxy = 1D121C4C232CB39900E9F613 /* PBXContainerItemProxy */;
		};
/* End PBXTargetDependency section */

/* Begin PBXVariantGroup section */
		1D121C3B232CB39800E9F613 /* Main.storyboard */ = {
			isa = PBXVariantGroup;
			children = (
				1D121C3C232CB39800E9F613 /* Base */,
			);
			name = Main.storyboard;
			sourceTree = "<group>";
		};
		1D121C43232CB39900E9F613 /* LaunchScreen.storyboard */ = {
			isa = PBXVariantGroup;
			children = (
				1D121C44232CB39900E9F613 /* Base */,
			);
			name = LaunchScreen.storyboard;
			sourceTree = "<group>";
		};
/* End PBXVariantGroup section */

/* Begin XCBuildConfiguration section */
		1D121C52232CB39900E9F613 /* Debug */ = {
			isa = XCBuildConfiguration;
			buildSettings = {
				ALWAYS_SEARCH_USER_PATHS = NO;
				CLANG_ANALYZER_NONNULL = YES;
				CLANG_ANALYZER_NUMBER_OBJECT_CONVERSION = YES_AGGRESSIVE;
				CLANG_CXX_LANGUAGE_STANDARD = "gnu++14";
				CLANG_CXX_LIBRARY = "libc++";
				CLANG_ENABLE_MODULES = YES;
				CLANG_ENABLE_OBJC_ARC = YES;
				CLANG_ENABLE_OBJC_WEAK = YES;
				CLANG_WARN_BLOCK_CAPTURE_AUTORELEASING = YES;
				CLANG_WARN_BOOL_CONVERSION = YES;
				CLANG_WARN_COMMA = YES;
				CLANG_WARN_CONSTANT_CONVERSION = YES;
				CLANG_WARN_DEPRECATED_OBJC_IMPLEMENTATIONS = YES;
				CLANG_WARN_DIRECT_OBJC_ISA_USAGE = YES_ERROR;
				CLANG_WARN_DOCUMENTATION_COMMENTS = YES;
				CLANG_WARN_EMPTY_BODY = YES;
				CLANG_WARN_ENUM_CONVERSION = YES;
				CLANG_WARN_INFINITE_RECURSION = YES;
				CLANG_WARN_INT_CONVERSION = YES;
				CLANG_WARN_NON_LITERAL_NULL_CONVERSION = YES;
				CLANG_WARN_OBJC_IMPLICIT_RETAIN_SELF = YES;
				CLANG_WARN_OBJC_LITERAL_CONVERSION = YES;
				CLANG_WARN_OBJC_ROOT_CLASS = YES_ERROR;
				CLANG_WARN_RANGE_LOOP_ANALYSIS = YES;
				CLANG_WARN_STRICT_PROTOTYPES = YES;
				CLANG_WARN_SUSPICIOUS_MOVE = YES;
				CLANG_WARN_UNGUARDED_AVAILABILITY = YES_AGGRESSIVE;
				CLANG_WARN_UNREACHABLE_CODE = YES;
				CLANG_WARN__DUPLICATE_METHOD_MATCH = YES;
				CODE_SIGN_IDENTITY = "iPhone Developer";
				COPY_PHASE_STRIP = NO;
				DEBUG_INFORMATION_FORMAT = dwarf;
				ENABLE_STRICT_OBJC_MSGSEND = YES;
				ENABLE_TESTABILITY = YES;
				GCC_C_LANGUAGE_STANDARD = gnu11;
				GCC_DYNAMIC_NO_PIC = NO;
				GCC_NO_COMMON_BLOCKS = YES;
				GCC_OPTIMIZATION_LEVEL = 0;
				GCC_PREPROCESSOR_DEFINITIONS = (
					"DEBUG=1",
					"$(inherited)",
				);
				GCC_WARN_64_TO_32_BIT_CONVERSION = YES;
				GCC_WARN_ABOUT_RETURN_TYPE = YES_ERROR;
				GCC_WARN_UNDECLARED_SELECTOR = YES;
				GCC_WARN_UNINITIALIZED_AUTOS = YES_AGGRESSIVE;
				GCC_WARN_UNUSED_FUNCTION = YES;
				GCC_WARN_UNUSED_VARIABLE = YES;
				IPHONEOS_DEPLOYMENT_TARGET = 12.4;
				MTL_ENABLE_DEBUG_INFO = INCLUDE_SOURCE;
				MTL_FAST_MATH = YES;
				ONLY_ACTIVE_ARCH = YES;
				SDKROOT = iphoneos;
				SWIFT_ACTIVE_COMPILATION_CONDITIONS = DEBUG;
				SWIFT_OPTIMIZATION_LEVEL = "-Onone";
			};
			name = Debug;
		};
		1D121C53232CB39900E9F613 /* Release */ = {
			isa = XCBuildConfiguration;
			buildSettings = {
				ALWAYS_SEARCH_USER_PATHS = NO;
				CLANG_ANALYZER_NONNULL = YES;
				CLANG_ANALYZER_NUMBER_OBJECT_CONVERSION = YES_AGGRESSIVE;
				CLANG_CXX_LANGUAGE_STANDARD = "gnu++14";
				CLANG_CXX_LIBRARY = "libc++";
				CLANG_ENABLE_MODULES = YES;
				CLANG_ENABLE_OBJC_ARC = YES;
				CLANG_ENABLE_OBJC_WEAK = YES;
				CLANG_WARN_BLOCK_CAPTURE_AUTORELEASING = YES;
				CLANG_WARN_BOOL_CONVERSION = YES;
				CLANG_WARN_COMMA = YES;
				CLANG_WARN_CONSTANT_CONVERSION = YES;
				CLANG_WARN_DEPRECATED_OBJC_IMPLEMENTATIONS = YES;
				CLANG_WARN_DIRECT_OBJC_ISA_USAGE = YES_ERROR;
				CLANG_WARN_DOCUMENTATION_COMMENTS = YES;
				CLANG_WARN_EMPTY_BODY = YES;
				CLANG_WARN_ENUM_CONVERSION = YES;
				CLANG_WARN_INFINITE_RECURSION = YES;
				CLANG_WARN_INT_CONVERSION = YES;
				CLANG_WARN_NON_LITERAL_NULL_CONVERSION = YES;
				CLANG_WARN_OBJC_IMPLICIT_RETAIN_SELF = YES;
				CLANG_WARN_OBJC_LITERAL_CONVERSION = YES;
				CLANG_WARN_OBJC_ROOT_CLASS = YES_ERROR;
				CLANG_WARN_RANGE_LOOP_ANALYSIS = YES;
				CLANG_WARN_STRICT_PROTOTYPES = YES;
				CLANG_WARN_SUSPICIOUS_MOVE = YES;
				CLANG_WARN_UNGUARDED_AVAILABILITY = YES_AGGRESSIVE;
				CLANG_WARN_UNREACHABLE_CODE = YES;
				CLANG_WARN__DUPLICATE_METHOD_MATCH = YES;
				CODE_SIGN_IDENTITY = "iPhone Developer";
				COPY_PHASE_STRIP = NO;
				DEBUG_INFORMATION_FORMAT = "dwarf-with-dsym";
				ENABLE_NS_ASSERTIONS = NO;
				ENABLE_STRICT_OBJC_MSGSEND = YES;
				GCC_C_LANGUAGE_STANDARD = gnu11;
				GCC_NO_COMMON_BLOCKS = YES;
				GCC_WARN_64_TO_32_BIT_CONVERSION = YES;
				GCC_WARN_ABOUT_RETURN_TYPE = YES_ERROR;
				GCC_WARN_UNDECLARED_SELECTOR = YES;
				GCC_WARN_UNINITIALIZED_AUTOS = YES_AGGRESSIVE;
				GCC_WARN_UNUSED_FUNCTION = YES;
				GCC_WARN_UNUSED_VARIABLE = YES;
				IPHONEOS_DEPLOYMENT_TARGET = 12.4;
				MTL_ENABLE_DEBUG_INFO = NO;
				MTL_FAST_MATH = YES;
				SDKROOT = iphoneos;
				SWIFT_COMPILATION_MODE = wholemodule;
				SWIFT_OPTIMIZATION_LEVEL = "-O";
				VALIDATE_PRODUCT = YES;
			};
			name = Release;
		};
		1D121C55232CB39900E9F613 /* Debug */ = {
			isa = XCBuildConfiguration;
			baseConfigurationReference = 0FB2FC9A97A07A1310E3B03C /* Pods-CurrentYearMoviesReleased.debug.xcconfig */;
			buildSettings = {
				ASSETCATALOG_COMPILER_APPICON_NAME = AppIcon;
				CODE_SIGN_STYLE = Automatic;
				DEVELOPMENT_TEAM = 59L34GWFDZ;
				INFOPLIST_FILE = "$(SRCROOT)/CurrentYearMoviesReleased/Supporting Files/Info.plist";
				LD_RUNPATH_SEARCH_PATHS = (
					"$(inherited)",
					"@executable_path/Frameworks",
				);
				PRODUCT_BUNDLE_IDENTIFIER = br.com.msc.CurrentYearMoviesReleased;
				PRODUCT_NAME = "$(TARGET_NAME)";
				SWIFT_VERSION = 5.0;
				TARGETED_DEVICE_FAMILY = "1,2";
			};
			name = Debug;
		};
		1D121C56232CB39900E9F613 /* Release */ = {
			isa = XCBuildConfiguration;
			baseConfigurationReference = 98B1DA43EDE52E843CA8985F /* Pods-CurrentYearMoviesReleased.release.xcconfig */;
			buildSettings = {
				ASSETCATALOG_COMPILER_APPICON_NAME = AppIcon;
				CODE_SIGN_STYLE = Automatic;
				DEVELOPMENT_TEAM = 59L34GWFDZ;
				INFOPLIST_FILE = "$(SRCROOT)/CurrentYearMoviesReleased/Supporting Files/Info.plist";
				LD_RUNPATH_SEARCH_PATHS = (
					"$(inherited)",
					"@executable_path/Frameworks",
				);
				PRODUCT_BUNDLE_IDENTIFIER = br.com.msc.CurrentYearMoviesReleased;
				PRODUCT_NAME = "$(TARGET_NAME)";
				SWIFT_VERSION = 5.0;
				TARGETED_DEVICE_FAMILY = "1,2";
			};
			name = Release;
		};
		1D121C58232CB39900E9F613 /* Debug */ = {
			isa = XCBuildConfiguration;
			baseConfigurationReference = 8D78BC1583EFD08A24FB89FA /* Pods-CurrentYearMoviesReleasedTests.debug.xcconfig */;
			buildSettings = {
				BUNDLE_LOADER = "$(TEST_HOST)";
				CODE_SIGN_STYLE = Automatic;
				DEVELOPMENT_TEAM = 59L34GWFDZ;
				INFOPLIST_FILE = CurrentYearMoviesReleasedTests/Info.plist;
				LD_RUNPATH_SEARCH_PATHS = (
					"$(inherited)",
					"@executable_path/Frameworks",
					"@loader_path/Frameworks",
				);
				PRODUCT_BUNDLE_IDENTIFIER = br.com.msc.CurrentYearMoviesReleasedTests;
				PRODUCT_NAME = "$(TARGET_NAME)";
				SWIFT_VERSION = 5.0;
				TARGETED_DEVICE_FAMILY = "1,2";
				TEST_HOST = "$(BUILT_PRODUCTS_DIR)/CurrentYearMoviesReleased.app/CurrentYearMoviesReleased";
			};
			name = Debug;
		};
		1D121C59232CB39900E9F613 /* Release */ = {
			isa = XCBuildConfiguration;
			baseConfigurationReference = ABB04D10C950CC10CD24960C /* Pods-CurrentYearMoviesReleasedTests.release.xcconfig */;
			buildSettings = {
				BUNDLE_LOADER = "$(TEST_HOST)";
				CODE_SIGN_STYLE = Automatic;
				DEVELOPMENT_TEAM = 59L34GWFDZ;
				INFOPLIST_FILE = CurrentYearMoviesReleasedTests/Info.plist;
				LD_RUNPATH_SEARCH_PATHS = (
					"$(inherited)",
					"@executable_path/Frameworks",
					"@loader_path/Frameworks",
				);
				PRODUCT_BUNDLE_IDENTIFIER = br.com.msc.CurrentYearMoviesReleasedTests;
				PRODUCT_NAME = "$(TARGET_NAME)";
				SWIFT_VERSION = 5.0;
				TARGETED_DEVICE_FAMILY = "1,2";
				TEST_HOST = "$(BUILT_PRODUCTS_DIR)/CurrentYearMoviesReleased.app/CurrentYearMoviesReleased";
			};
			name = Release;
		};
/* End XCBuildConfiguration section */

/* Begin XCConfigurationList section */
		1D121C2F232CB39800E9F613 /* Build configuration list for PBXProject "CurrentYearMoviesReleased" */ = {
			isa = XCConfigurationList;
			buildConfigurations = (
				1D121C52232CB39900E9F613 /* Debug */,
				1D121C53232CB39900E9F613 /* Release */,
			);
			defaultConfigurationIsVisible = 0;
			defaultConfigurationName = Release;
		};
		1D121C54232CB39900E9F613 /* Build configuration list for PBXNativeTarget "CurrentYearMoviesReleased" */ = {
			isa = XCConfigurationList;
			buildConfigurations = (
				1D121C55232CB39900E9F613 /* Debug */,
				1D121C56232CB39900E9F613 /* Release */,
			);
			defaultConfigurationIsVisible = 0;
			defaultConfigurationName = Release;
		};
		1D121C57232CB39900E9F613 /* Build configuration list for PBXNativeTarget "CurrentYearMoviesReleasedTests" */ = {
			isa = XCConfigurationList;
			buildConfigurations = (
				1D121C58232CB39900E9F613 /* Debug */,
				1D121C59232CB39900E9F613 /* Release */,
			);
			defaultConfigurationIsVisible = 0;
			defaultConfigurationName = Release;
		};
/* End XCConfigurationList section */

/* Begin XCVersionGroup section */
		1D121C3E232CB39800E9F613 /* CurrentYearMoviesReleased.xcdatamodeld */ = {
			isa = XCVersionGroup;
			children = (
				1D121C3F232CB39800E9F613 /* CurrentYearMoviesReleased.xcdatamodel */,
			);
			currentVersion = 1D121C3F232CB39800E9F613 /* CurrentYearMoviesReleased.xcdatamodel */;
			path = CurrentYearMoviesReleased.xcdatamodeld;
			sourceTree = "<group>";
			versionGroupType = wrapper.xcdatamodel;
		};
/* End XCVersionGroup section */
	};
	rootObject = 1D121C2C232CB39800E9F613 /* Project object */;
}
